# THIS IS AN AUTOGENERATED FILE. DO NOT EDIT THIS FILE DIRECTLY.
# yarn lockfile v1


"@types/bootstrap@^5.0.0":
  version "5.0.0"
  resolved "https://registry.yarnpkg.com/@types/bootstrap/-/bootstrap-5.0.0.tgz#33507845c17ae9fc2284e5344b9dd17344848319"
  integrity sha512-Buic9y01REuPhC7f3fvGN9ONoEKwkDnT/SdGcD7gk+99jrQnTC8QpPOfCMC7wZPKpPrTiizP0S4AC5MIH5PdQw==
  dependencies:
    "@types/jquery" "*"
    popper.js "^1.14.1"

"@types/jquery@*":
  version "3.5.4"
  resolved "https://registry.yarnpkg.com/@types/jquery/-/jquery-3.5.4.tgz#e923f7d05ca790530f17f80a3b89bc28853fa17f"
  integrity sha512-//9CHhaUt/rurMJTxGI+I6DmsNHgYU6d8aSLFfO5dB7+10lwLnaWT0z5GY/yY82Q/M+B+0Qh3TixlJ8vmBeqIw==
  dependencies:
    "@types/sizzle" "*"

"@types/sizzle@*":
  version "2.3.2"
  resolved "https://registry.yarnpkg.com/@types/sizzle/-/sizzle-2.3.2.tgz#a811b8c18e2babab7d542b3365887ae2e4d9de47"
  integrity sha512-7EJYyKTL7tFR8+gDbB6Wwz/arpGa0Mywk1TJbNzKzHtzbwVmY4HR9WqS5VV7dsBUKQmPNr192jHr/VpBluj/hg==

popper.js@^1.14.1:
  version "1.16.1"
  resolved "https://registry.yarnpkg.com/popper.js/-/popper.js-1.16.1.tgz#2a223cb3dc7b6213d740e40372be40de43e65b1b"
  integrity sha512-Wb4p1J4zyFTbM+u6WuO4XstYx4Ky9Cewe4DWrel7B0w6VVICvPwdOpotjzcf6eD8TsckVnIMNONQyPIUFOUbCQ==

typescript@^4.1.2:
  version "4.1.2"
  resolved "https://registry.yarnpkg.com/typescript/-/typescript-4.1.2.tgz#6369ef22516fe5e10304aae5a5c4862db55380e9"
  integrity sha512-thGloWsGH3SOxv1SoY7QojKi0tc+8FnOmiarEGMbd/lar7QOEd3hvlx3Fp5y6FlDUGl9L+pd4n2e+oToGMmhRQ==
